
Microsoft Visual Studio Solution File, Format Version 12.00
# Visual Studio Version 16
VisualStudioVersion = 16.0.30225.117
MinimumVisualStudioVersion = 10.0.40219.1
Project("{FAE04EC0-301F-11D3-BF4B-00C04F79EFBC}") = "MemoEngineCore", "MemoEngineCore.csproj", "{82CFDB2C-6DD7-43D1-AB06-8475001BEC10}"
EndProject
Global
	GlobalSection(SolutionConfigurationPlatforms) = preSolution
		Debug|Any CPU = Debug|Any CPU
		Release|Any CPU = Release|Any CPU
	EndGlobalSection
	GlobalSection(ProjectConfigurationPlatforms) = postSolution
		{82CFDB2C-6DD7-43D1-AB06-8475001BEC10}.Debug|Any CPU.ActiveCfg = Debug|Any CPU
		{82CFDB2C-6DD7-43D1-AB06-8475001BEC10}.Debug|Any CPU.Build.0 = Debug|Any CPU
		{82CFDB2C-6DD7-43D1-AB06-8475001BEC10}.Release|Any CPU.ActiveCfg = Release|Any CPU
		{82CFDB2C-6DD7-43D1-AB06-8475001BEC10}.Release|Any CPU.Build.0 = Release|Any CPU
	EndGlobalSection
	GlobalSection(SolutionProperties) = preSolution
		HideSolutionNode = FALSE
	EndGlobalSection
	GlobalSection(ExtensibilityGlobals) = postSolution
		SolutionGuid = {3CC46AA8-ADBA-4ACD-BC60-EC0C0D8C9372}
	EndGlobalSection
EndGlobal
